PODS:
  - Masonry (1.1.0)
  - MJExtension (3.4.1)

DEPENDENCIES:
  - Masonry
  - MJExtension

SPEC REPOS:
  https://github.com/CocoaPods/Specs.git:
    - Masonry
    - MJExtension

SPEC CHECKSUMS:
  Masonry: 678fab65091a9290e40e2832a55e7ab731aad201
  MJExtension: 21c5f6f8c4d5d8844b7ae8fbae08fed0b501f961

PODFILE CHECKSUM: bd29a6ca9e54563a3b7a9d8b2d3e68facf318cd9

COCOAPODS: 1.11.2
